// !$*UTF8*$!
{
	archiveVersion = 1;
	classes = {
	};
	objectVersion = 50;
	objects = {

/* Begin PBXBuildFile section */
		5B60A5D82767681A00882DE4 /* AppDelegate.swift in Sources */ = {isa = PBXBuildFile; fileRef = 5B60A5D72767681A00882DE4 /* AppDelegate.swift */; };
		5B60A5DA2767681A00882DE4 /* SceneDelegate.swift in Sources */ = {isa = PBXBuildFile; fileRef = 5B60A5D92767681A00882DE4 /* SceneDelegate.swift */; };
		5B60A5DC2767681A00882DE4 /* ViewController.swift in Sources */ = {isa = PBXBuildFile; fileRef = 5B60A5DB2767681A00882DE4 /* ViewController.swift */; };
		5B60A5DF2767681A00882DE4 /* Main.storyboard in Resources */ = {isa = PBXBuildFile; fileRef = 5B60A5DD2767681A00882DE4 /* Main.storyboard */; };
		5B60A5E12767681B00882DE4 /* Assets.xcassets in Resources */ = {isa = PBXBuildFile; fileRef = 5B60A5E02767681B00882DE4 /* Assets.xcassets */; };
		5B60A5E42767681B00882DE4 /* LaunchScreen.storyboard in Resources */ = {isa = PBXBuildFile; fileRef = 5B60A5E22767681B00882DE4 /* LaunchScreen.storyboard */; };
		5B60A5EF2767681C00882DE4 /* tableViewTests.swift in Sources */ = {isa = PBXBuildFile; fileRef = 5B60A5EE2767681C00882DE4 /* tableViewTests.swift */; };
		5B60A5FA2767681C00882DE4 /* tableViewUITests.swift in Sources */ = {isa = PBXBuildFile; fileRef = 5B60A5F92767681C00882DE4 /* tableViewUITests.swift */; };
/* End PBXBuildFile section */

/* Begin PBXContainerItemProxy section */
		5B60A5EB2767681C00882DE4 /* PBXContainerItemProxy */ = {
			isa = PBXContainerItemProxy;
			containerPortal = 5B60A5CC2767681A00882DE4 /* Project object */;
			proxyType = 1;
			remoteGlobalIDString = 5B60A5D32767681A00882DE4;
			remoteInfo = tableView;
		};
		5B60A5F62767681C00882DE4 /* PBXContainerItemProxy */ = {
			isa = PBXContainerItemProxy;
			containerPortal = 5B60A5CC2767681A00882DE4 /* Project object */;
			proxyType = 1;
			remoteGlobalIDString = 5B60A5D32767681A00882DE4;
			remoteInfo = tableView;
		};
/* End PBXContainerItemProxy section */

/* Begin PBXFileReference section */
		5B60A5D42767681A00882DE4 /* tableView.app */ = {isa = PBXFileReference; explicitFileType = wrapper.application; includeInIndex = 0; path = tableView.app; sourceTree = BUILT_PRODUCTS_DIR; };
		5B60A5D72767681A00882DE4 /* AppDelegate.swift */ = {isa = PBXFileReference; lastKnownFileType = sourcecode.swift; path = AppDelegate.swift; sourceTree = "<group>"; };
		5B60A5D92767681A00882DE4 /* SceneDelegate.swift */ = {isa = PBXFileReference; lastKnownFileType = sourcecode.swift; path = SceneDelegate.swift; sourceTree = "<group>"; };
		5B60A5DB2767681A00882DE4 /* ViewController.swift */ = {isa = PBXFileReference; lastKnownFileType = sourcecode.swift; path = ViewController.swift; sourceTree = "<group>"; };
		5B60A5DE2767681A00882DE4 /* Base */ = {isa = PBXFileReference; lastKnownFileType = file.storyboard; name = Base; path = Base.lproj/Main.storyboard; sourceTree = "<group>"; };
		5B60A5E02767681B00882DE4 /* Assets.xcassets */ = {isa = PBXFileReference; lastKnownFileType = folder.assetcatalog; path = Assets.xcassets; sourceTree = "<group>"; };
		5B60A5E32767681B00882DE4 /* Base */ = {isa = PBXFileReference; lastKnownFileType = file.storyboard; name = Base; path = Base.lproj/LaunchScreen.storyboard; sourceTree = "<group>"; };
		5B60A5E52767681B00882DE4 /* Info.plist */ = {isa = PBXFileReference; lastKnownFileType = text.plist.xml; path = Info.plist; sourceTree = "<group>"; };
		5B60A5EA2767681C00882DE4 /* tableViewTests.xctest */ = {isa = PBXFileReference; explicitFileType = wrapper.cfbundle; includeInIndex = 0; path = tableViewTests.xctest; sourceTree = BUILT_PRODUCTS_DIR; };
		5B60A5EE2767681C00882DE4 /* tableViewTests.swift */ = {isa = PBXFileReference; lastKnownFileType = sourcecode.swift; path = tableViewTests.swift; sourceTree = "<group>"; };
		5B60A5F02767681C00882DE4 /* Info.plist */ = {isa = PBXFileReference; lastKnownFileType = text.plist.xml; path = Info.plist; sourceTree = "<group>"; };
		5B60A5F52767681C00882DE4 /* tableViewUITests.xctest */ = {isa = PBXFileReference; explicitFileType = wrapper.cfbundle; includeInIndex = 0; path = tableViewUITests.xctest; sourceTree = BUILT_PRODUCTS_DIR; };
		5B60A5F92767681C00882DE4 /* tableViewUITests.swift */ = {isa = PBXFileReference; lastKnownFileType = sourcecode.swift; path = tableViewUITests.swift; sourceTree = "<group>"; };
		5B60A5FB2767681C00882DE4 /* Info.plist */ = {isa = PBXFileReference; lastKnownFileType = text.plist.xml; path = Info.plist; sourceTree = "<group>"; };
/* End PBXFileReference section */

/* Begin PBXFrameworksBuildPhase section */
		5B60A5D12767681A00882DE4 /* Frameworks */ = {
			isa = PBXFrameworksBuildPhase;
			buildActionMask = 2147483647;
			files = (
			);
			runOnlyForDeploymentPostprocessing = 0;
		};
		5B60A5E72767681C00882DE4 /* Frameworks */ = {
			isa = PBXFrameworksBuildPhase;
			buildActionMask = 2147483647;
			files = (
			);
			runOnlyForDeploymentPostprocessing = 0;
		};
		5B60A5F22767681C00882DE4 /* Frameworks */ = {
			isa = PBXFrameworksBuildPhase;
			buildActionMask = 2147483647;
			files = (
			);
			runOnlyForDeploymentPostprocessing = 0;
		};
/* End PBXFrameworksBuildPhase section */

/* Begin PBXGroup section */
		5B60A5CB2767681A00882DE4 = {
			isa = PBXGroup;
			children = (
				5B60A5D62767681A00882DE4 /* tableView */,
				5B60A5ED2767681C00882DE4 /* tableViewTests */,
				5B60A5F82767681C00882DE4 /* tableViewUITests */,
				5B60A5D52767681A00882DE4 /* Products */,
			);
			sourceTree = "<group>";
		};
		5B60A5D52767681A00882DE4 /* Products */ = {
			isa = PBXGroup;
			children = (
				5B60A5D42767681A00882DE4 /* tableView.app */,
				5B60A5EA2767681C00882DE4 /* tableViewTests.xctest */,
				5B60A5F52767681C00882DE4 /* tableViewUITests.xctest */,
			);
			name = Products;
			sourceTree = "<group>";
		};
		5B60A5D62767681A00882DE4 /* tableView */ = {
			isa = PBXGroup;
			children = (
				5B60A5D72767681A00882DE4 /* AppDelegate.swift */,
				5B60A5D92767681A00882DE4 /* SceneDelegate.swift */,
				5B60A5DB2767681A00882DE4 /* ViewController.swift */,
				5B60A5DD2767681A00882DE4 /* Main.storyboard */,
				5B60A5E02767681B00882DE4 /* Assets.xcassets */,
				5B60A5E22767681B00882DE4 /* LaunchScreen.storyboard */,
				5B60A5E52767681B00882DE4 /* Info.plist */,
			);
			path = tableView;
			sourceTree = "<group>";
		};
		5B60A5ED2767681C00882DE4 /* tableViewTests */ = {
			isa = PBXGroup;
			children = (
				5B60A5EE2767681C00882DE4 /* tableViewTests.swift */,
				5B60A5F02767681C00882DE4 /* Info.plist */,
			);
			path = tableViewTests;
			sourceTree = "<group>";
		};
		5B60A5F82767681C00882DE4 /* tableViewUITests */ = {
			isa = PBXGroup;
			children = (
				5B60A5F92767681C00882DE4 /* tableViewUITests.swift */,
				5B60A5FB2767681C00882DE4 /* Info.plist */,
			);
			path = tableViewUITests;
			sourceTree = "<group>";
		};
/* End PBXGroup section */

/* Begin PBXNativeTarget section */
		5B60A5D32767681A00882DE4 /* tableView */ = {
			isa = PBXNativeTarget;
			buildConfigurationList = 5B60A5FE2767681C00882DE4 /* Build configuration list for PBXNativeTarget "tableView" */;
			buildPhases = (
				5B60A5D02767681A00882DE4 /* Sources */,
				5B60A5D12767681A00882DE4 /* Frameworks */,
				5B60A5D22767681A00882DE4 /* Resources */,
			);
			buildRules = (
			);
			dependencies = (
			);
			name = tableView;
			productName = tableView;
			productReference = 5B60A5D42767681A00882DE4 /* tableView.app */;
			productType = "com.apple.product-type.application";
		};
		5B60A5E92767681C00882DE4 /* tableViewTests */ = {
			isa = PBXNativeTarget;
			buildConfigurationList = 5B60A6012767681C00882DE4 /* Build configuration list for PBXNativeTarget "tableViewTests" */;
			buildPhases = (
				5B60A5E62767681C00882DE4 /* Sources */,
				5B60A5E72767681C00882DE4 /* Frameworks */,
				5B60A5E82767681C00882DE4 /* Resources */,
			);
			buildRules = (
			);
			dependencies = (
				5B60A5EC2767681C00882DE4 /* PBXTargetDependency */,
			);
			name = tableViewTests;
			productName = tableViewTests;
			productReference = 5B60A5EA2767681C00882DE4 /* tableViewTests.xctest */;
			productType = "com.apple.product-type.bundle.unit-test";
		};
		5B60A5F42767681C00882DE4 /* tableViewUITests */ = {
			isa = PBXNativeTarget;
			buildConfigurationList = 5B60A6042767681C00882DE4 /* Build configuration list for PBXNativeTarget "tableViewUITests" */;
			buildPhases = (
				5B60A5F12767681C00882DE4 /* Sources */,
				5B60A5F22767681C00882DE4 /* Frameworks */,
				5B60A5F32767681C00882DE4 /* Resources */,
			);
			buildRules = (
			);
			dependencies = (
				5B60A5F72767681C00882DE4 /* PBXTargetDependency */,
			);
			name = tableViewUITests;
			productName = tableViewUITests;
			productReference = 5B60A5F52767681C00882DE4 /* tableViewUITests.xctest */;
			productType = "com.apple.product-type.bundle.ui-testing";
		};
/* End PBXNativeTarget section */

/* Begin PBXProject section */
		5B60A5CC2767681A00882DE4 /* Project object */ = {
			isa = PBXProject;
			attributes = {
				LastSwiftUpdateCheck = 1250;
				LastUpgradeCheck = 1250;
				TargetAttributes = {
					5B60A5D32767681A00882DE4 = {
						CreatedOnToolsVersion = 12.5.1;
					};
					5B60A5E92767681C00882DE4 = {
						CreatedOnToolsVersion = 12.5.1;
						TestTargetID = 5B60A5D32767681A00882DE4;
					};
					5B60A5F42767681C00882DE4 = {
						CreatedOnToolsVersion = 12.5.1;
						TestTargetID = 5B60A5D32767681A00882DE4;
					};
				};
			};
			buildConfigurationList = 5B60A5CF2767681A00882DE4 /* Build configuration list for PBXProject "tableView" */;
			compatibilityVersion = "Xcode 9.3";
			developmentRegion = en;
			hasScannedForEncodings = 0;
			knownRegions = (
				en,
				Base,
			);
			mainGroup = 5B60A5CB2767681A00882DE4;
			productRefGroup = 5B60A5D52767681A00882DE4 /* Products */;
			projectDirPath = "";
			projectRoot = "";
			targets = (
				5B60A5D32767681A00882DE4 /* tableView */,
				5B60A5E92767681C00882DE4 /* tableViewTests */,
				5B60A5F42767681C00882DE4 /* tableViewUITests */,
			);
		};
/* End PBXProject section */

/* Begin PBXResourcesBuildPhase section */
		5B60A5D22767681A00882DE4 /* Resources */ = {
			isa = PBXResourcesBuildPhase;
			buildActionMask = 2147483647;
			files = (
				5B60A5E42767681B00882DE4 /* LaunchScreen.storyboard in Resources */,
				5B60A5E12767681B00882DE4 /* Assets.xcassets in Resources */,
				5B60A5DF2767681A00882DE4 /* Main.storyboard in Resources */,
			);
			runOnlyForDeploymentPostprocessing = 0;
		};
		5B60A5E82767681C00882DE4 /* Resources */ = {
			isa = PBXResourcesBuildPhase;
			buildActionMask = 2147483647;
			files = (
			);
			runOnlyForDeploymentPostprocessing = 0;
		};
		5B60A5F32767681C00882DE4 /* Resources */ = {
			isa = PBXResourcesBuildPhase;
			buildActionMask = 2147483647;
			files = (
			);
			runOnlyForDeploymentPostprocessing = 0;
		};
/* End PBXResourcesBuildPhase section */

/* Begin PBXSourcesBuildPhase section */
		5B60A5D02767681A00882DE4 /* Sources */ = {
			isa = PBXSourcesBuildPhase;
			buildActionMask = 2147483647;
			files = (
				5B60A5DC2767681A00882DE4 /* ViewController.swift in Sources */,
				5B60A5D82767681A00882DE4 /* AppDelegate.swift in Sources */,
				5B60A5DA2767681A00882DE4 /* SceneDelegate.swift in Sources */,
			);
			runOnlyForDeploymentPostprocessing = 0;
		};
		5B60A5E62767681C00882DE4 /* Sources */ = {
			isa = PBXSourcesBuildPhase;
			buildActionMask = 2147483647;
			files = (
				5B60A5EF2767681C00882DE4 /* tableViewTests.swift in Sources */,
			);
			runOnlyForDeploymentPostprocessing = 0;
		};
		5B60A5F12767681C00882DE4 /* Sources */ = {
			isa = PBXSourcesBuildPhase;
			buildActionMask = 2147483647;
			files = (
				5B60A5FA2767681C00882DE4 /* tableViewUITests.swift in Sources */,
			);
			runOnlyForDeploymentPostprocessing = 0;
		};
/* End PBXSourcesBuildPhase section */

/* Begin PBXTargetDependency section */
		5B60A5EC2767681C00882DE4 /* PBXTargetDependency */ = {
			isa = PBXTargetDependency;
			target = 5B60A5D32767681A00882DE4 /* tableView */;
			targetProxy = 5B60A5EB2767681C00882DE4 /* PBXContainerItemProxy */;
		};
		5B60A5F72767681C00882DE4 /* PBXTargetDependency */ = {
			isa = PBXTargetDependency;
			target = 5B60A5D32767681A00882DE4 /* tableView */;
			targetProxy = 5B60A5F62767681C00882DE4 /* PBXContainerItemProxy */;
		};
/* End PBXTargetDependency section */

/* Begin PBXVariantGroup section */
		5B60A5DD2767681A00882DE4 /* Main.storyboard */ = {
			isa = PBXVariantGroup;
			children = (
				5B60A5DE2767681A00882DE4 /* Base */,
			);
			name = Main.storyboard;
			sourceTree = "<group>";
		};
		5B60A5E22767681B00882DE4 /* LaunchScreen.storyboard */ = {
			isa = PBXVariantGroup;
			children = (
				5B60A5E32767681B00882DE4 /* Base */,
			);
			name = LaunchScreen.storyboard;
			sourceTree = "<group>";
		};
/* End PBXVariantGroup section */

/* Begin XCBuildConfiguration section */
		5B60A5FC2767681C00882DE4 /* Debug */ = {
			isa = XCBuildConfiguration;
			buildSettings = {
				ALWAYS_SEARCH_USER_PATHS = NO;
				CLANG_ANALYZER_NONNULL = YES;
				CLANG_ANALYZER_NUMBER_OBJECT_CONVERSION = YES_AGGRESSIVE;
				CLANG_CXX_LANGUAGE_STANDARD = "gnu++14";
				CLANG_CXX_LIBRARY = "libc++";
				CLANG_ENABLE_MODULES = YES;
				CLANG_ENABLE_OBJC_ARC = YES;
				CLANG_ENABLE_OBJC_WEAK = YES;
				CLANG_WARN_BLOCK_CAPTURE_AUTORELEASING = YES;
				CLANG_WARN_BOOL_CONVERSION = YES;
				CLANG_WARN_COMMA = YES;
				CLANG_WARN_CONSTANT_CONVERSION = YES;
				CLANG_WARN_DEPRECATED_OBJC_IMPLEMENTATIONS = YES;
				CLANG_WARN_DIRECT_OBJC_ISA_USAGE = YES_ERROR;
				CLANG_WARN_DOCUMENTATION_COMMENTS = YES;
				CLANG_WARN_EMPTY_BODY = YES;
				CLANG_WARN_ENUM_CONVERSION = YES;
				CLANG_WARN_INFINITE_RECURSION = YES;
				CLANG_WARN_INT_CONVERSION = YES;
				CLANG_WARN_NON_LITERAL_NULL_CONVERSION = YES;
				CLANG_WARN_OBJC_IMPLICIT_RETAIN_SELF = YES;
				CLANG_WARN_OBJC_LITERAL_CONVERSION = YES;
				CLANG_WARN_OBJC_ROOT_CLASS = YES_ERROR;
				CLANG_WARN_QUOTED_INCLUDE_IN_FRAMEWORK_HEADER = YES;
				CLANG_WARN_RANGE_LOOP_ANALYSIS = YES;
				CLANG_WARN_STRICT_PROTOTYPES = YES;
				CLANG_WARN_SUSPICIOUS_MOVE = YES;
				CLANG_WARN_UNGUARDED_AVAILABILITY = YES_AGGRESSIVE;
				CLANG_WARN_UNREACHABLE_CODE = YES;
				CLANG_WARN__DUPLICATE_METHOD_MATCH = YES;
				COPY_PHASE_STRIP = NO;
				DEBUG_INFORMATION_FORMAT = dwarf;
				ENABLE_STRICT_OBJC_MSGSEND = YES;
				ENABLE_TESTABILITY = YES;
				GCC_C_LANGUAGE_STANDARD = gnu11;
				GCC_DYNAMIC_NO_PIC = NO;
				GCC_NO_COMMON_BLOCKS = YES;
				GCC_OPTIMIZATION_LEVEL = 0;
				GCC_PREPROCESSOR_DEFINITIONS = (
					"DEBUG=1",
					"$(inherited)",
				);
				GCC_WARN_64_TO_32_BIT_CONVERSION = YES;
				GCC_WARN_ABOUT_RETURN_TYPE = YES_ERROR;
				GCC_WARN_UNDECLARED_SELECTOR = YES;
				GCC_WARN_UNINITIALIZED_AUTOS = YES_AGGRESSIVE;
				GCC_WARN_UNUSED_FUNCTION = YES;
				GCC_WARN_UNUSED_VARIABLE = YES;
				IPHONEOS_DEPLOYMENT_TARGET = 14.5;
				MTL_ENABLE_DEBUG_INFO = INCLUDE_SOURCE;
				MTL_FAST_MATH = YES;
				ONLY_ACTIVE_ARCH = YES;
				SDKROOT = iphoneos;
				SWIFT_ACTIVE_COMPILATION_CONDITIONS = DEBUG;
				SWIFT_OPTIMIZATION_LEVEL = "-Onone";
			};
			name = Debug;
		};
		5B60A5FD2767681C00882DE4 /* Release */ = {
			isa = XCBuildConfiguration;
			buildSettings = {
				ALWAYS_SEARCH_USER_PATHS = NO;
				CLANG_ANALYZER_NONNULL = YES;
				CLANG_ANALYZER_NUMBER_OBJECT_CONVERSION = YES_AGGRESSIVE;
				CLANG_CXX_LANGUAGE_STANDARD = "gnu++14";
				CLANG_CXX_LIBRARY = "libc++";
				CLANG_ENABLE_MODULES = YES;
				CLANG_ENABLE_OBJC_ARC = YES;
				CLANG_ENABLE_OBJC_WEAK = YES;
				CLANG_WARN_BLOCK_CAPTURE_AUTORELEASING = YES;
				CLANG_WARN_BOOL_CONVERSION = YES;
				CLANG_WARN_COMMA = YES;
				CLANG_WARN_CONSTANT_CONVERSION = YES;
				CLANG_WARN_DEPRECATED_OBJC_IMPLEMENTATIONS = YES;
				CLANG_WARN_DIRECT_OBJC_ISA_USAGE = YES_ERROR;
				CLANG_WARN_DOCUMENTATION_COMMENTS = YES;
				CLANG_WARN_EMPTY_BODY = YES;
				CLANG_WARN_ENUM_CONVERSION = YES;
				CLANG_WARN_INFINITE_RECURSION = YES;
				CLANG_WARN_INT_CONVERSION = YES;
				CLANG_WARN_NON_LITERAL_NULL_CONVERSION = YES;
				CLANG_WARN_OBJC_IMPLICIT_RETAIN_SELF = YES;
				CLANG_WARN_OBJC_LITERAL_CONVERSION = YES;
				CLANG_WARN_OBJC_ROOT_CLASS = YES_ERROR;
				CLANG_WARN_QUOTED_INCLUDE_IN_FRAMEWORK_HEADER = YES;
				CLANG_WARN_RANGE_LOOP_ANALYSIS = YES;
				CLANG_WARN_STRICT_PROTOTYPES = YES;
				CLANG_WARN_SUSPICIOUS_MOVE = YES;
				CLANG_WARN_UNGUARDED_AVAILABILITY = YES_AGGRESSIVE;
				CLANG_WARN_UNREACHABLE_CODE = YES;
				CLANG_WARN__DUPLICATE_METHOD_MATCH = YES;
				COPY_PHASE_STRIP = NO;
				DEBUG_INFORMATION_FORMAT = "dwarf-with-dsym";
				ENABLE_NS_ASSERTIONS = NO;
				ENABLE_STRICT_OBJC_MSGSEND = YES;
				GCC_C_LANGUAGE_STANDARD = gnu11;
				GCC_NO_COMMON_BLOCKS = YES;
				GCC_WARN_64_TO_32_BIT_CONVERSION = YES;
				GCC_WARN_ABOUT_RETURN_TYPE = YES_ERROR;
				GCC_WARN_UNDECLARED_SELECTOR = YES;
				GCC_WARN_UNINITIALIZED_AUTOS = YES_AGGRESSIVE;
				GCC_WARN_UNUSED_FUNCTION = YES;
				GCC_WARN_UNUSED_VARIABLE = YES;
				IPHONEOS_DEPLOYMENT_TARGET = 14.5;
				MTL_ENABLE_DEBUG_INFO = NO;
				MTL_FAST_MATH = YES;
				SDKROOT = iphoneos;
				SWIFT_COMPILATION_MODE = wholemodule;
				SWIFT_OPTIMIZATION_LEVEL = "-O";
				VALIDATE_PRODUCT = YES;
			};
			name = Release;
		};
		5B60A5FF2767681C00882DE4 /* Debug */ = {
			isa = XCBuildConfiguration;
			buildSettings = {
				ASSETCATALOG_COMPILER_APPICON_NAME = AppIcon;
				ASSETCATALOG_COMPILER_GLOBAL_ACCENT_COLOR_NAME = AccentColor;
				CODE_SIGN_STYLE = Automatic;
				DEVELOPMENT_TEAM = 4SJ82Z4WX2;
				INFOPLIST_FILE = tableView/Info.plist;
				LD_RUNPATH_SEARCH_PATHS = (
					"$(inherited)",
					"@executable_path/Frameworks",
				);
				PRODUCT_BUNDLE_IDENTIFIER = brtyvz.tableView;
				PRODUCT_NAME = "$(TARGET_NAME)";
				SWIFT_VERSION = 5.0;
				TARGETED_DEVICE_FAMILY = "1,2";
			};
			name = Debug;
		};
		5B60A6002767681C00882DE4 /* Release */ = {
			isa = XCBuildConfiguration;
			buildSettings = {
				ASSETCATALOG_COMPILER_APPICON_NAME = AppIcon;
				ASSETCATALOG_COMPILER_GLOBAL_ACCENT_COLOR_NAME = AccentColor;
				CODE_SIGN_STYLE = Automatic;
				DEVELOPMENT_TEAM = 4SJ82Z4WX2;
				INFOPLIST_FILE = tableView/Info.plist;
				LD_RUNPATH_SEARCH_PATHS = (
					"$(inherited)",
					"@executable_path/Frameworks",
				);
				PRODUCT_BUNDLE_IDENTIFIER = brtyvz.tableView;
				PRODUCT_NAME = "$(TARGET_NAME)";
				SWIFT_VERSION = 5.0;
				TARGETED_DEVICE_FAMILY = "1,2";
			};
			name = Release;
		};
		5B60A6022767681C00882DE4 /* Debug */ = {
			isa = XCBuildConfiguration;
			buildSettings = {
				ALWAYS_EMBED_SWIFT_STANDARD_LIBRARIES = YES;
				BUNDLE_LOADER = "$(TEST_HOST)";
				CODE_SIGN_STYLE = Automatic;
				DEVELOPMENT_TEAM = 4SJ82Z4WX2;
				INFOPLIST_FILE = tableViewTests/Info.plist;
				IPHONEOS_DEPLOYMENT_TARGET = 14.5;
				LD_RUNPATH_SEARCH_PATHS = (
					"$(inherited)",
					"@executable_path/Frameworks",
					"@loader_path/Frameworks",
				);
				PRODUCT_BUNDLE_IDENTIFIER = brtyvz.tableViewTests;
				PRODUCT_NAME = "$(TARGET_NAME)";
				SWIFT_VERSION = 5.0;
				TARGETED_DEVICE_FAMILY = "1,2";
				TEST_HOST = "$(BUILT_PRODUCTS_DIR)/tableView.app/tableView";
			};
			name = Debug;
		};
		5B60A6032767681C00882DE4 /* Release */ = {
			isa = XCBuildConfiguration;
			buildSettings = {
				ALWAYS_EMBED_SWIFT_STANDARD_LIBRARIES = YES;
				BUNDLE_LOADER = "$(TEST_HOST)";
				CODE_SIGN_STYLE = Automatic;
				DEVELOPMENT_TEAM = 4SJ82Z4WX2;
				INFOPLIST_FILE = tableViewTests/Info.plist;
				IPHONEOS_DEPLOYMENT_TARGET = 14.5;
				LD_RUNPATH_SEARCH_PATHS = (
					"$(inherited)",
					"@executable_path/Frameworks",
					"@loader_path/Frameworks",
				);
				PRODUCT_BUNDLE_IDENTIFIER = brtyvz.tableViewTests;
				PRODUCT_NAME = "$(TARGET_NAME)";
				SWIFT_VERSION = 5.0;
				TARGETED_DEVICE_FAMILY = "1,2";
				TEST_HOST = "$(BUILT_PRODUCTS_DIR)/tableView.app/tableView";
			};
			name = Release;
		};
		5B60A6052767681C00882DE4 /* Debug */ = {
			isa = XCBuildConfiguration;
			buildSettings = {
				ALWAYS_EMBED_SWIFT_STANDARD_LIBRARIES = YES;
				CODE_SIGN_STYLE = Automatic;
				DEVELOPMENT_TEAM = 4SJ82Z4WX2;
				INFOPLIST_FILE = tableViewUITests/Info.plist;
				LD_RUNPATH_SEARCH_PATHS = (
					"$(inherited)",
					"@executable_path/Frameworks",
					"@loader_path/Frameworks",
				);
				PRODUCT_BUNDLE_IDENTIFIER = brtyvz.tableViewUITests;
				PRODUCT_NAME = "$(TARGET_NAME)";
				SWIFT_VERSION = 5.0;
				TARGETED_DEVICE_FAMILY = "1,2";
				TEST_TARGET_NAME = tableView;
			};
			name = Debug;
		};
		5B60A6062767681C00882DE4 /* Release */ = {
			isa = XCBuildConfiguration;
			buildSettings = {
				ALWAYS_EMBED_SWIFT_STANDARD_LIBRARIES = YES;
				CODE_SIGN_STYLE = Automatic;
				DEVELOPMENT_TEAM = 4SJ82Z4WX2;
				INFOPLIST_FILE = tableViewUITests/Info.plist;
				LD_RUNPATH_SEARCH_PATHS = (
					"$(inherited)",
					"@executable_path/Frameworks",
					"@loader_path/Frameworks",
				);
				PRODUCT_BUNDLE_IDENTIFIER = brtyvz.tableViewUITests;
				PRODUCT_NAME = "$(TARGET_NAME)";
				SWIFT_VERSION = 5.0;
				TARGETED_DEVICE_FAMILY = "1,2";
				TEST_TARGET_NAME = tableView;
			};
			name = Release;
		};
/* End XCBuildConfiguration section */

/* Begin XCConfigurationList section */
		5B60A5CF2767681A00882DE4 /* Build configuration list for PBXProject "tableView" */ = {
			isa = XCConfigurationList;
			buildConfigurations = (
				5B60A5FC2767681C00882DE4 /* Debug */,
				5B60A5FD2767681C00882DE4 /* Release */,
			);
			defaultConfigurationIsVisible = 0;
			defaultConfigurationName = Release;
		};
		5B60A5FE2767681C00882DE4 /* Build configuration list for PBXNativeTarget "tableView" */ = {
			isa = XCConfigurationList;
			buildConfigurations = (
				5B60A5FF2767681C00882DE4 /* Debug */,
				5B60A6002767681C00882DE4 /* Release */,
			);
			defaultConfigurationIsVisible = 0;
			defaultConfigurationName = Release;
		};
		5B60A6012767681C00882DE4 /* Build configuration list for PBXNativeTarget "tableViewTests" */ = {
			isa = XCConfigurationList;
			buildConfigurations = (
				5B60A6022767681C00882DE4 /* Debug */,
				5B60A6032767681C00882DE4 /* Release */,
			);
			defaultConfigurationIsVisible = 0;
			defaultConfigurationName = Release;
		};
		5B60A6042767681C00882DE4 /* Build configuration list for PBXNativeTarget "tableViewUITests" */ = {
			isa = XCConfigurationList;
			buildConfigurations = (
				5B60A6052767681C00882DE4 /* Debug */,
				5B60A6062767681C00882DE4 /* Release */,
			);
			defaultConfigurationIsVisible = 0;
			defaultConfigurationName = Release;
		};
/* End XCConfigurationList section */
	};
	rootObject = 5B60A5CC2767681A00882DE4 /* Project object */;
}
